
Microsoft Visual Studio Solution File, Format Version 12.00
# Visual Studio Version 17
VisualStudioVersion = 17.8.34309.116
MinimumVisualStudioVersion = 10.0.40219.1
Project("{9A19103F-16F7-4668-BE54-9A1E7A4F7556}") = "Optimal.Framework", "Optimal.Framework.csproj", "{6C07B2A5-C8F3-49C9-A7EA-1FA59F68FEFF}"
EndProject
Project("{9A19103F-16F7-4668-BE54-9A1E7A4F7556}") = "TestPackage", "..\TestPackage\TestPackage.csproj", "{D90362E9-F368-406F-B80D-75C98CF2DC8C}"
EndProject
Global
	GlobalSection(SolutionConfigurationPlatforms) = preSolution
		Debug|Any CPU = Debug|Any CPU
		Release|Any CPU = Release|Any CPU
	EndGlobalSection
	GlobalSection(ProjectConfigurationPlatforms) = postSolution
		{6C07B2A5-C8F3-49C9-A7EA-1FA59F68FEFF}.Debug|Any CPU.ActiveCfg = Debug|Any CPU
		{6C07B2A5-C8F3-49C9-A7EA-1FA59F68FEFF}.Debug|Any CPU.Build.0 = Debug|Any CPU
		{6C07B2A5-C8F3-49C9-A7EA-1FA59F68FEFF}.Release|Any CPU.ActiveCfg = Release|Any CPU
		{6C07B2A5-C8F3-49C9-A7EA-1FA59F68FEFF}.Release|Any CPU.Build.0 = Release|Any CPU
		{D90362E9-F368-406F-B80D-75C98CF2DC8C}.Debug|Any CPU.ActiveCfg = Debug|Any CPU
		{D90362E9-F368-406F-B80D-75C98CF2DC8C}.Debug|Any CPU.Build.0 = Debug|Any CPU
		{D90362E9-F368-406F-B80D-75C98CF2DC8C}.Release|Any CPU.ActiveCfg = Release|Any CPU
		{D90362E9-F368-406F-B80D-75C98CF2DC8C}.Release|Any CPU.Build.0 = Release|Any CPU
	EndGlobalSection
	GlobalSection(SolutionProperties) = preSolution
		HideSolutionNode = FALSE
	EndGlobalSection
	GlobalSection(ExtensibilityGlobals) = postSolution
		SolutionGuid = {38FA5DC4-D90E-4B4F-87AD-9EF0999E0303}
	EndGlobalSection
EndGlobal
